
Microsoft Visual Studio Solution File, Format Version 12.00
# Visual Studio Version 16
VisualStudioVersion = 16.0.30804.86
MinimumVisualStudioVersion = 10.0.40219.1
Project("{9A19103F-16F7-4668-BE54-9A1E7A4F7556}") = "HepsiBurada.MarsRoverCase.ConsoleApp", "HepsiBurada.MarsRoverCase.ConsoleApp\HepsiBurada.MarsRoverCase.ConsoleApp.csproj", "{77103387-B642-43AD-B89A-DE9E1353DADA}"
EndProject
Project("{FAE04EC0-301F-11D3-BF4B-00C04F79EFBC}") = "HepsiBurada.MarsRoverCase.Test", "HepsiBurada.MarsRoverCase.Test\HepsiBurada.MarsRoverCase.Test.csproj", "{3FECA555-4DD2-40EB-AF81-A4DC20CCE52E}"
EndProject
Global
	GlobalSection(SolutionConfigurationPlatforms) = preSolution
		Debug|Any CPU = Debug|Any CPU
		Release|Any CPU = Release|Any CPU
	EndGlobalSection
	GlobalSection(ProjectConfigurationPlatforms) = postSolution
		{77103387-B642-43AD-B89A-DE9E1353DADA}.Debug|Any CPU.ActiveCfg = Debug|Any CPU
		{77103387-B642-43AD-B89A-DE9E1353DADA}.Debug|Any CPU.Build.0 = Debug|Any CPU
		{77103387-B642-43AD-B89A-DE9E1353DADA}.Release|Any CPU.ActiveCfg = Release|Any CPU
		{77103387-B642-43AD-B89A-DE9E1353DADA}.Release|Any CPU.Build.0 = Release|Any CPU
		{3FECA555-4DD2-40EB-AF81-A4DC20CCE52E}.Debug|Any CPU.ActiveCfg = Debug|Any CPU
		{3FECA555-4DD2-40EB-AF81-A4DC20CCE52E}.Debug|Any CPU.Build.0 = Debug|Any CPU
		{3FECA555-4DD2-40EB-AF81-A4DC20CCE52E}.Release|Any CPU.ActiveCfg = Release|Any CPU
		{3FECA555-4DD2-40EB-AF81-A4DC20CCE52E}.Release|Any CPU.Build.0 = Release|Any CPU
	EndGlobalSection
	GlobalSection(SolutionProperties) = preSolution
		HideSolutionNode = FALSE
	EndGlobalSection
	GlobalSection(ExtensibilityGlobals) = postSolution
		SolutionGuid = {F85E77D0-408C-4097-B8C2-B9F2D8CB1C2F}
	EndGlobalSection
EndGlobal
